
Microsoft Visual Studio Solution File, Format Version 12.00
# Visual Studio Version 17
VisualStudioVersion = 17.14.36301.6 d17.14
MinimumVisualStudioVersion = 10.0.40219.1
Project("{FAE04EC0-301F-11D3-BF4B-00C04F79EFBC}") = "FunkySystemsTheming", "FunkySystemsTheming\FunkySystemsTheming.csproj", "{521987C8-74EE-4D16-9817-F5E344419BC6}"
EndProject
Global
	GlobalSection(SolutionConfigurationPlatforms) = preSolution
		Debug|Any CPU = Debug|Any CPU
		Release|Any CPU = Release|Any CPU
	EndGlobalSection
	GlobalSection(ProjectConfigurationPlatforms) = postSolution
		{521987C8-74EE-4D16-9817-F5E344419BC6}.Debug|Any CPU.ActiveCfg = Debug|Any CPU
		{521987C8-74EE-4D16-9817-F5E344419BC6}.Debug|Any CPU.Build.0 = Debug|Any CPU
		{521987C8-74EE-4D16-9817-F5E344419BC6}.Release|Any CPU.ActiveCfg = Release|Any CPU
		{521987C8-74EE-4D16-9817-F5E344419BC6}.Release|Any CPU.Build.0 = Release|Any CPU
	EndGlobalSection
	GlobalSection(SolutionProperties) = preSolution
		HideSolutionNode = FALSE
	EndGlobalSection
	GlobalSection(ExtensibilityGlobals) = postSolution
		SolutionGuid = {F3E49BA9-B303-4880-B857-DBF3B80E33F2}
	EndGlobalSection
EndGlobal
